
Microsoft Visual Studio Solution File, Format Version 12.00
# Visual Studio Version 16
VisualStudioVersion = 16.0.29905.134
MinimumVisualStudioVersion = 10.0.40219.1
Project("{FAE04EC0-301F-11D3-BF4B-00C04F79EFBC}") = "LifeBoatMediatR", "LifeBoatMediatR\LifeBoatMediatR.csproj", "{1474BCC5-D9AA-4399-B4F1-98CDD2F97849}"
EndProject
Project("{2150E333-8FDC-42A3-9474-1A3956D46DE8}") = "src", "src", "{6BDD1BFF-BCBF-418B-9929-B82E21361174}"
EndProject
Global
	GlobalSection(SolutionConfigurationPlatforms) = preSolution
		Debug|Any CPU = Debug|Any CPU
		Release|Any CPU = Release|Any CPU
	EndGlobalSection
	GlobalSection(ProjectConfigurationPlatforms) = postSolution
		{1474BCC5-D9AA-4399-B4F1-98CDD2F97849}.Debug|Any CPU.ActiveCfg = Debug|Any CPU
		{1474BCC5-D9AA-4399-B4F1-98CDD2F97849}.Debug|Any CPU.Build.0 = Debug|Any CPU
		{1474BCC5-D9AA-4399-B4F1-98CDD2F97849}.Release|Any CPU.ActiveCfg = Release|Any CPU
		{1474BCC5-D9AA-4399-B4F1-98CDD2F97849}.Release|Any CPU.Build.0 = Release|Any CPU
	EndGlobalSection
	GlobalSection(SolutionProperties) = preSolution
		HideSolutionNode = FALSE
	EndGlobalSection
	GlobalSection(NestedProjects) = preSolution
		{1474BCC5-D9AA-4399-B4F1-98CDD2F97849} = {6BDD1BFF-BCBF-418B-9929-B82E21361174}
	EndGlobalSection
	GlobalSection(ExtensibilityGlobals) = postSolution
		SolutionGuid = {EEDD89BC-DEDB-4A89-9186-C1831A8908FA}
	EndGlobalSection
EndGlobal
